{
  "R": {
    "Version": "4.0.2",
    "Repositories": [
      {
        "Name": "CRAN",
        "URL": "https://cloud.r-project.org"
      }
    ]
  },
  "Bioconductor": {
    "Version": "3.12"
  },
  "Packages": {
    "BH": {
      "Package": "BH",
      "Version": "1.72.0-3",
      "Source": "Repository",
      "Repository": "CRAN",
      "Hash": "8f9ce74c6417d61f0782cbae5fd2b7b0"
    },
    "BiocGenerics": {
      "Package": "BiocGenerics",
      "Version": "0.34.0",
      "Source": "Bioconductor",
      "Hash": "ae191b5608f175de0f69b6302390c705"
    },
    "BiocManager": {
      "Package": "BiocManager",
      "Version": "1.30.10",
      "Source": "Repository",
      "Repository": "CRAN",
      "Hash": "db75371846625725e221470b310da1d5"
    },
    "DBI": {
      "Package": "DBI",
      "Version": "1.1.0",
      "Source": "Repository",
      "Repository": "CRAN",
      "Hash": "4744be45519d675af66c28478720fce5"
    },
    "DT": {
      "Package": "DT",
      "Version": "0.15",
      "Source": "Repository",
      "Repository": "CRAN",
      "Hash": "85738c69035e67ec4b484a5e02640ef6"
    },
    "DiceDesign": {
      "Package": "DiceDesign",
      "Version": "1.8-1",
      "Source": "Repository",
      "Repository": "CRAN",
      "Hash": "c37a99997a2108edb7ef6563b8f6103f"
    },
    "GPfit": {
      "Package": "GPfit",
      "Version": "1.0-8",
      "Source": "Repository",
      "Repository": "CRAN",
      "Hash": "29a7dccade1fd037c8262c2a239775eb"
    },
    "ISLR": {
      "Package": "ISLR",
      "Version": "1.2",
      "Source": "Repository",
      "Repository": "CRAN",
      "Hash": "88e6031768891b1ce13e041a7aa4e46b"
    },
    "KernSmooth": {
      "Package": "KernSmooth",
      "Version": "2.23-17",
      "Source": "Repository",
      "Repository": "CRAN",
      "Hash": "bbff70c8c0357b5b88238c83f680fcd3"
    },
    "MASS": {
      "Package": "MASS",
      "Version": "7.3-51.6",
      "Source": "Repository",
      "Repository": "CRAN",
      "Hash": "1dad32ac9dbd8057167b2979fb932ff7"
    },
    "Matrix": {
      "Package": "Matrix",
      "Version": "1.2-18",
      "Source": "Repository",
      "Repository": "CRAN",
      "Hash": "08588806cba69f04797dab50627428ed"
    },
    "PPBDS.data": {
      "Package": "PPBDS.data",
      "Version": "0.3.2.9004",
      "Source": "GitHub",
      "RemoteType": "github",
      "RemoteHost": "api.github.com",
      "RemoteRepo": "PPBDS.data",
      "RemoteUsername": "davidkane9",
      "RemoteRef": "HEAD",
      "RemoteSha": "2ae5221e0d0d0d1f427033ca33a177e6fd5d149a",
      "Hash": "82048475cef864eec667ab095611478e"
    },
    "R6": {
      "Package": "R6",
      "Version": "2.4.1",
      "Source": "Repository",
      "Repository": "CRAN",
      "Hash": "292b54f8f4b94669b08f94e5acce6be2"
    },
    "RColorBrewer": {
      "Package": "RColorBrewer",
      "Version": "1.1-2",
      "Source": "Repository",
      "Repository": "CRAN",
      "Hash": "e031418365a7f7a766181ab5a41a5716"
    },
    "Rcpp": {
      "Package": "Rcpp",
      "Version": "1.0.5",
      "Source": "Repository",
      "Repository": "CRAN",
      "Hash": "125dc7a0ed375eb68c0ce533b48d291f"
    },
    "RcppArmadillo": {
      "Package": "RcppArmadillo",
      "Version": "0.9.900.2.0",
      "Source": "Repository",
      "Repository": "CRAN",
      "Hash": "8845285b6151967fb0d95678b7eee11a"
    },
    "RcppEigen": {
      "Package": "RcppEigen",
      "Version": "0.3.3.7.0",
      "Source": "Repository",
      "Repository": "CRAN",
      "Hash": "c6faf038ba4346b1de19ad7c99b8f94a"
    },
    "RcppParallel": {
      "Package": "RcppParallel",
      "Version": "5.0.2",
      "Source": "Repository",
      "Repository": "CRAN",
      "Hash": "551d50addb18c7b99637aa377a25afc8"
    },
    "Rgraphviz": {
      "Package": "Rgraphviz",
      "Version": "2.13.1",
      "Source": "GitHub",
      "RemoteType": "github",
      "RemoteHost": "api.github.com",
      "RemoteRepo": "Rgraphviz",
      "RemoteUsername": "kasperdanielhansen",
      "RemoteRef": "master",
      "RemoteSha": "b7fc97ceaeff75b72a07b24680498d5a5c70fae7",
      "Hash": "055c0e9176d4c2e9706bdba4183b11a2"
    },
    "SQUAREM": {
      "Package": "SQUAREM",
      "Version": "2020.3",
      "Source": "Repository",
      "Repository": "CRAN",
      "Hash": "e08d8c8eec7eb52ff6c12bd2cd0897b6"
    },
    "StanHeaders": {
      "Package": "StanHeaders",
      "Version": "2.21.0-5",
      "Source": "Repository",
      "Repository": "CRAN",
      "Hash": "61b35986173e46a61d26252d1429a6bd"
    },
    "TMB": {
      "Package": "TMB",
      "Version": "1.7.18",
      "Source": "Repository",
      "Repository": "CRAN",
      "Hash": "1500330bbd3c378400d65a5010aa7ce5"
    },
    "V8": {
      "Package": "V8",
      "Version": "3.2.0",
      "Source": "Repository",
      "Repository": "CRAN",
      "Hash": "3c172c3eba3972c896b73361bfa323d0"
    },
    "animation": {
      "Package": "animation",
      "Version": "2.6",
      "Source": "Repository",
      "Repository": "CRAN",
      "Hash": "b726b7119ba99cc79dfdd24cb4ee6894"
    },
    "askpass": {
      "Package": "askpass",
      "Version": "1.1",
      "Source": "Repository",
      "Repository": "CRAN",
      "Hash": "e8a22846fff485f0be3770c2da758713"
    },
    "assertthat": {
      "Package": "assertthat",
      "Version": "0.2.1",
      "Source": "Repository",
      "Repository": "CRAN",
      "Hash": "50c838a310445e954bc13f26f26a6ecf"
    },
    "babynames": {
      "Package": "babynames",
      "Version": "1.0.0",
      "Source": "Repository",
      "Repository": "CRAN",
      "Hash": "446652bd3e32d127caed33b972663d96"
    },
    "backports": {
      "Package": "backports",
      "Version": "1.1.9",
      "Source": "Repository",
      "Repository": "CRAN",
      "Hash": "b29e2d989dfb2e71ca3fd7d5bb1c0d58"
    },
    "base64enc": {
      "Package": "base64enc",
      "Version": "0.1-3",
      "Source": "Repository",
      "Repository": "CRAN",
      "Hash": "543776ae6848fde2f48ff3816d0628bc"
    },
    "bayesplot": {
      "Package": "bayesplot",
      "Version": "1.7.2",
      "Source": "Repository",
      "Repository": "CRAN",
      "Hash": "e2835c474c3bd9f2bbc3a5adf804254f"
    },
    "blob": {
      "Package": "blob",
      "Version": "1.2.1",
      "Source": "Repository",
      "Repository": "CRAN",
      "Hash": "9addc7e2c5954eca5719928131fed98c"
    },
    "bookdown": {
      "Package": "bookdown",
      "Version": "0.21",
      "Source": "Repository",
      "Repository": "CRAN",
      "Hash": "1bf627f1f77313e345f71e779b658578"
    },
    "boot": {
      "Package": "boot",
      "Version": "1.3-25",
      "Source": "Repository",
      "Repository": "CRAN",
      "Hash": "bd51734a754b6c2baf28b2d1ebc11e91"
    },
    "broom": {
      "Package": "broom",
      "Version": "0.7.0",
      "Source": "Repository",
      "Repository": "CRAN",
      "Hash": "2ca5ae42f3bfd149504d63c833c2be26"
    },
    "broom.mixed": {
      "Package": "broom.mixed",
      "Version": "0.2.6",
      "Source": "Repository",
      "Repository": "CRAN",
      "Hash": "b7fd49962c14d6a7fada6b5f3afb9309"
    },
    "callr": {
      "Package": "callr",
      "Version": "3.4.4",
      "Source": "Repository",
      "Repository": "CRAN",
      "Hash": "e56fe17ffeddfdcfcef40981e41e1c40"
    },
    "cellranger": {
      "Package": "cellranger",
      "Version": "1.1.0",
      "Source": "Repository",
      "Repository": "CRAN",
      "Hash": "f61dbaec772ccd2e17705c1e872e9e7c"
    },
    "checkmate": {
      "Package": "checkmate",
      "Version": "2.0.0",
      "Source": "Repository",
      "Repository": "CRAN",
      "Hash": "a667800d5f0350371bedeb8b8b950289"
    },
    "class": {
      "Package": "class",
      "Version": "7.3-17",
      "Source": "Repository",
      "Repository": "CRAN",
      "Hash": "9267f5dab59a4ef44229858a142bded1"
    },
    "classInt": {
      "Package": "classInt",
      "Version": "0.4-3",
      "Source": "Repository",
      "Repository": "CRAN",
      "Hash": "17bdfa3c51df4a6c82484d13b11fb380"
    },
    "cli": {
      "Package": "cli",
      "Version": "2.0.2",
      "Source": "Repository",
      "Repository": "CRAN",
      "Hash": "ff0becff7bfdfe3f75d29aff8f3172dd"
    },
    "clipr": {
      "Package": "clipr",
      "Version": "0.7.0",
      "Source": "Repository",
      "Repository": "CRAN",
      "Hash": "08cf4045c149a0f0eaf405324c7495bd"
    },
    "coda": {
      "Package": "coda",
      "Version": "0.19-3",
      "Source": "Repository",
      "Repository": "CRAN",
      "Hash": "b177892d05d94358d282fcc303799593"
    },
    "codetools": {
      "Package": "codetools",
      "Version": "0.2-16",
      "Source": "Repository",
      "Repository": "CRAN",
      "Hash": "89cf4b8207269ccf82fbeb6473fd662b"
    },
    "colorspace": {
      "Package": "colorspace",
      "Version": "1.4-1",
      "Source": "Repository",
      "Repository": "CRAN",
      "Hash": "6b436e95723d1f0e861224dd9b094dfb"
    },
    "colourpicker": {
      "Package": "colourpicker",
      "Version": "1.0",
      "Source": "Repository",
      "Repository": "CRAN",
      "Hash": "98ca919385a634e5d558e6938755e0bf"
    },
    "commonmark": {
      "Package": "commonmark",
      "Version": "1.7",
      "Source": "Repository",
      "Repository": "CRAN",
      "Hash": "0f22be39ec1d141fd03683c06f3a6e67"
    },
    "cpp11": {
      "Package": "cpp11",
      "Version": "0.2.1",
      "Source": "Repository",
      "Repository": "CRAN",
      "Hash": "c4c83167f43ca762a9fa998d4fead3ae"
    },
    "crayon": {
      "Package": "crayon",
      "Version": "1.3.4",
      "Source": "Repository",
      "Repository": "CRAN",
      "Hash": "0d57bc8e27b7ba9e45dba825ebc0de6b"
    },
    "crosstalk": {
      "Package": "crosstalk",
      "Version": "1.1.0.1",
      "Source": "Repository",
      "Repository": "CRAN",
      "Hash": "ae55f5d7c02f0ab43c58dd050694f2b4"
    },
    "cubelyr": {
      "Package": "cubelyr",
      "Version": "1.0.0",
      "Source": "Repository",
      "Repository": "CRAN",
      "Hash": "e702368e379149b396460ae0fad35bd1"
    },
    "curl": {
      "Package": "curl",
      "Version": "4.3",
      "Source": "Repository",
      "Repository": "CRAN",
      "Hash": "2b7d10581cc730804e9ed178c8374bd6"
    },
    "data.table": {
      "Package": "data.table",
      "Version": "1.13.0",
      "Source": "Repository",
      "Repository": "CRAN",
      "Hash": "06d5863292e2e8ffbb063ce34e77bb2a"
    },
    "dbplyr": {
      "Package": "dbplyr",
      "Version": "1.4.4",
      "Source": "Repository",
      "Repository": "CRAN",
      "Hash": "2ba60a82dd9b6ca3cee0d8e2574cdf0e"
    },
    "desc": {
      "Package": "desc",
      "Version": "1.2.0",
      "Source": "Repository",
      "Repository": "CRAN",
      "Hash": "6c8fe8fa26a23b79949375d372c7b395"
    },
    "dials": {
      "Package": "dials",
      "Version": "0.0.8",
      "Source": "Repository",
      "Repository": "CRAN",
      "Hash": "a92879ba16b5e1c9022de42eda4646ac"
    },
    "digest": {
      "Package": "digest",
      "Version": "0.6.25",
      "Source": "Repository",
      "Repository": "CRAN",
      "Hash": "f697db7d92b7028c4b3436e9603fb636"
    },
    "doParallel": {
      "Package": "doParallel",
      "Version": "1.0.15",
      "Source": "Repository",
      "Repository": "CRAN",
      "Hash": "1886c5bce3d9c0b4f9d0b113d76f9357"
    },
    "dplyr": {
      "Package": "dplyr",
      "Version": "1.0.2",
      "Source": "Repository",
      "Repository": "CRAN",
      "Hash": "d0509913b27ea898189ee664b6030dc2"
    },
    "dslabs": {
      "Package": "dslabs",
      "Version": "0.7.3",
      "Source": "Repository",
      "Repository": "CRAN",
      "Hash": "241349706ded042e54bcf5bca0584771"
    },
    "dygraphs": {
      "Package": "dygraphs",
      "Version": "1.1.1.6",
      "Source": "Repository",
      "Repository": "CRAN",
      "Hash": "716869fffc16e282c118f8894e082a7d"
    },
    "e1071": {
      "Package": "e1071",
      "Version": "1.7-3",
      "Source": "Repository",
      "Repository": "CRAN",
      "Hash": "728e85416ffc90743054c1ac04486d69"
    },
    "ellipsis": {
      "Package": "ellipsis",
      "Version": "0.3.1",
      "Source": "Repository",
      "Repository": "CRAN",
      "Hash": "fd2844b3a43ae2d27e70ece2df1b4e2a"
    },
    "equatiomatic": {
      "Package": "equatiomatic",
      "Version": "0.1.0",
      "Source": "Repository",
      "Repository": "CRAN",
      "Hash": "37b7614197d589c7b8eb72093b790deb"
    },
    "evaluate": {
      "Package": "evaluate",
      "Version": "0.14",
      "Source": "Repository",
      "Repository": "CRAN",
      "Hash": "ec8ca05cffcc70569eaaad8469d2a3a7"
    },
    "fansi": {
      "Package": "fansi",
      "Version": "0.4.1",
      "Source": "Repository",
      "Repository": "CRAN",
      "Hash": "7fce217eaaf8016e72065e85c73027b5"
    },
    "farver": {
      "Package": "farver",
      "Version": "2.0.3",
      "Source": "Repository",
      "Repository": "CRAN",
      "Hash": "dad6793a5a1f73c8e91f1a1e3e834b05"
    },
    "fastmap": {
      "Package": "fastmap",
      "Version": "1.0.1",
      "Source": "Repository",
      "Repository": "CRAN",
      "Hash": "83ab58a0518afe3d17e41da01af13b60"
    },
    "fivethirtyeight": {
      "Package": "fivethirtyeight",
      "Version": "0.6.1",
      "Source": "Repository",
      "Repository": "CRAN",
      "Hash": "10a81c62074a662895046798a77112d0"
    },
    "forcats": {
      "Package": "forcats",
      "Version": "0.5.0",
      "Source": "Repository",
      "Repository": "CRAN",
      "Hash": "1cb4279e697650f0bd78cd3601ee7576"
    },
    "foreach": {
      "Package": "foreach",
      "Version": "1.5.0",
      "Source": "Repository",
      "Repository": "CRAN",
      "Hash": "8fb3ff01ee7d85893f56df8d77213381"
    },
    "foreign": {
      "Package": "foreign",
      "Version": "0.8-80",
      "Source": "Repository",
      "Repository": "CRAN",
      "Hash": "ae1b1e15cc6ccb2bc61c0ac33e86d35f"
    },
    "formula.tools": {
      "Package": "formula.tools",
      "Version": "1.7.1",
      "Source": "Repository",
      "Repository": "CRAN",
      "Hash": "935ab0bce1a92340866983f3a97e09de"
    },
    "fs": {
      "Package": "fs",
      "Version": "1.5.0",
      "Source": "Repository",
      "Repository": "CRAN",
      "Hash": "44594a07a42e5f91fac9f93fda6d0109"
    },
    "fueleconomy": {
      "Package": "fueleconomy",
      "Version": "1.0.0",
      "Source": "Repository",
      "Repository": "CRAN",
      "Hash": "e522d87a81aef1d450abe8371eca2f0e"
    },
    "furrr": {
      "Package": "furrr",
      "Version": "0.1.0",
      "Source": "Repository",
      "Repository": "CRAN",
      "Hash": "c1f60eafdbcbea57078aa6f501974d2a"
    },
    "future": {
      "Package": "future",
      "Version": "1.18.0",
      "Source": "Repository",
      "Repository": "CRAN",
      "Hash": "7f6e18b431939ccf2b4667d406a1f33e"
    },
    "gapminder": {
      "Package": "gapminder",
      "Version": "0.3.0",
      "Source": "Repository",
      "Repository": "CRAN",
      "Hash": "d970917c7a0ef3ef3d19e6fe49ab586c"
    },
    "generics": {
      "Package": "generics",
      "Version": "0.0.2",
      "Source": "Repository",
      "Repository": "CRAN",
      "Hash": "b8cff1d1391fd1ad8b65877f4c7f2e53"
    },
    "gganimate": {
      "Package": "gganimate",
      "Version": "1.0.6",
      "Source": "Repository",
      "Repository": "CRAN",
      "Hash": "1a34307f6fca1bc7391586860ea0aa55"
    },
    "ggplot2": {
      "Package": "ggplot2",
      "Version": "3.3.2",
      "Source": "Repository",
      "Repository": "CRAN",
      "Hash": "4ded8b439797f7b1693bd3d238d0106b"
    },
    "ggrepel": {
      "Package": "ggrepel",
      "Version": "0.8.2",
      "Source": "Repository",
      "Repository": "CRAN",
      "Hash": "c013a50b19695daf04853679e1bc105a"
    },
    "ggridges": {
      "Package": "ggridges",
      "Version": "0.5.2",
      "Source": "Repository",
      "Repository": "CRAN",
      "Hash": "b5c4e55a3856dff3c05595630a40edfc"
    },
    "ggthemes": {
      "Package": "ggthemes",
      "Version": "4.2.0",
      "Source": "Repository",
      "Repository": "CRAN",
      "Hash": "dfa67ccc3fb199f102a34d557ec1ff45"
    },
    "gh": {
      "Package": "gh",
      "Version": "1.1.0",
      "Source": "Repository",
      "Repository": "CRAN",
      "Hash": "89ea5998938d1ad55f035c8a86f96b74"
    },
    "gifski": {
      "Package": "gifski",
      "Version": "0.8.6",
      "Source": "Repository",
      "Repository": "CRAN",
      "Hash": "ca21682de4210b1c6b59fb010b94cf09"
    },
    "git2r": {
      "Package": "git2r",
      "Version": "0.27.1",
      "Source": "Repository",
      "Repository": "CRAN",
      "Hash": "531a82d1beed1f545beb25f4f5945bf7"
    },
    "globals": {
      "Package": "globals",
      "Version": "0.12.5",
      "Source": "Repository",
      "Repository": "CRAN",
      "Hash": "e9e529fb7a579ad4b4ff65e052e76ed8"
    },
    "glue": {
      "Package": "glue",
      "Version": "1.4.2",
      "Source": "Repository",
      "Repository": "CRAN",
      "Hash": "6efd734b14c6471cfe443345f3e35e29"
    },
    "gower": {
      "Package": "gower",
      "Version": "0.2.2",
      "Source": "Repository",
      "Repository": "CRAN",
      "Hash": "be6a2b3529928bd803d1c437d1d43152"
    },
    "graph": {
      "Package": "graph",
      "Version": "1.66.0",
      "Source": "Bioconductor",
      "Hash": "aff4b8a1b4f27526a3feb94d7bf45993"
    },
    "gridExtra": {
      "Package": "gridExtra",
      "Version": "2.3",
      "Source": "Repository",
      "Repository": "CRAN",
      "Hash": "7d7f283939f563670a697165b2cf5560"
    },
    "gt": {
      "Package": "gt",
      "Version": "0.2.2",
      "Source": "Repository",
      "Repository": "CRAN",
      "Hash": "4eb28493ed31ff8f5f240d0fb5929ecb"
    },
    "gtable": {
      "Package": "gtable",
      "Version": "0.3.0",
      "Source": "Repository",
      "Repository": "CRAN",
      "Hash": "ac5c6baf7822ce8732b343f14c072c4d"
    },
    "gtools": {
      "Package": "gtools",
      "Version": "3.8.2",
      "Source": "Repository",
      "Repository": "CRAN",
      "Hash": "0a749b4458d19a54acae93c64e3e7c85"
    },
    "gtsummary": {
      "Package": "gtsummary",
      "Version": "1.3.2",
      "Source": "Repository",
      "Repository": "CRAN",
      "Hash": "38271ba96a096537a69fcc7bc6f08275"
    },
    "hardhat": {
      "Package": "hardhat",
      "Version": "0.1.4",
      "Source": "Repository",
      "Repository": "CRAN",
      "Hash": "2548ca9844643072622cb8c4e4c5dd4a"
    },
    "haven": {
      "Package": "haven",
      "Version": "2.3.1",
      "Source": "Repository",
      "Repository": "CRAN",
      "Hash": "221d0ad75dfa03ebf17b1a4cc5c31dfc"
    },
    "highr": {
      "Package": "highr",
      "Version": "0.8",
      "Source": "Repository",
      "Repository": "CRAN",
      "Hash": "4dc5bb88961e347a0f4d8aad597cbfac"
    },
    "hms": {
      "Package": "hms",
      "Version": "0.5.3",
      "Source": "Repository",
      "Repository": "CRAN",
      "Hash": "726671f634529d470545f9fd1a9d1869"
    },
    "htmltools": {
      "Package": "htmltools",
      "Version": "0.5.0",
      "Source": "Repository",
      "Repository": "CRAN",
      "Hash": "7d651b7131794fe007b1ad6f21aaa401"
    },
    "htmlwidgets": {
      "Package": "htmlwidgets",
      "Version": "1.5.1",
      "Source": "Repository",
      "Repository": "CRAN",
      "Hash": "41bace23583fbc25089edae324de2dc3"
    },
    "httpuv": {
      "Package": "httpuv",
      "Version": "1.5.4",
      "Source": "Repository",
      "Repository": "CRAN",
      "Hash": "4e6dabb220b006ccdc3b3b5ff993b205"
    },
    "httr": {
      "Package": "httr",
      "Version": "1.4.2",
      "Source": "Repository",
      "Repository": "CRAN",
      "Hash": "a525aba14184fec243f9eaec62fbed43"
    },
    "igraph": {
      "Package": "igraph",
      "Version": "1.2.5",
      "Source": "Repository",
      "Repository": "CRAN",
      "Hash": "3878c30ce67cdb7f2d7f72554e37f476"
    },
    "infer": {
      "Package": "infer",
      "Version": "0.5.3",
      "Source": "Repository",
      "Repository": "CRAN",
      "Hash": "f155de6e70e7746b970e6f95de2439dd"
    },
    "ini": {
      "Package": "ini",
      "Version": "0.3.1",
      "Source": "Repository",
      "Repository": "CRAN",
      "Hash": "6154ec2223172bce8162d4153cda21f7"
    },
    "inline": {
      "Package": "inline",
      "Version": "0.3.15",
      "Source": "Repository",
      "Repository": "CRAN",
      "Hash": "24fe9c7832cd19e60c04ffb46f2cbb64"
    },
    "ipred": {
      "Package": "ipred",
      "Version": "0.9-9",
      "Source": "Repository",
      "Repository": "CRAN",
      "Hash": "816a7f746179f159f8faa87af730f3c1"
    },
    "isoband": {
      "Package": "isoband",
      "Version": "0.2.2",
      "Source": "Repository",
      "Repository": "CRAN",
      "Hash": "6e58bd3d6b3dd82a944cd6f05ade228f"
    },
    "iterators": {
      "Package": "iterators",
      "Version": "1.0.12",
      "Source": "Repository",
      "Repository": "CRAN",
      "Hash": "117128f48662573ff4c4e72608b9e202"
    },
    "janitor": {
      "Package": "janitor",
      "Version": "2.0.1",
      "Source": "Repository",
      "Repository": "CRAN",
      "Hash": "7eb42c3bb09e2019b97de69d2ea9dfff"
    },
    "jpeg": {
      "Package": "jpeg",
      "Version": "0.1-8.1",
      "Source": "Repository",
      "Repository": "CRAN",
      "Hash": "bc316c003aba520fc73d70ad53b5fc36"
    },
    "jsonlite": {
      "Package": "jsonlite",
      "Version": "1.7.1",
      "Source": "Repository",
      "Repository": "CRAN",
      "Hash": "1ec84e070b88b37ed169f19def40d47c"
    },
    "kableExtra": {
      "Package": "kableExtra",
      "Version": "1.2.1",
      "Source": "Repository",
      "Repository": "CRAN",
      "Hash": "bd48a6f2a7902156d2a905c94d2529a6"
    },
    "knitr": {
      "Package": "knitr",
      "Version": "1.29",
      "Source": "Repository",
      "Repository": "CRAN",
      "Hash": "e5f4c41c17df8cdf7b0df12117c0d99a"
    },
    "labeling": {
      "Package": "labeling",
      "Version": "0.3",
      "Source": "Repository",
      "Repository": "CRAN",
      "Hash": "73832978c1de350df58108c745ed0e3e"
    },
    "later": {
      "Package": "later",
      "Version": "1.1.0.1",
      "Source": "Repository",
      "Repository": "CRAN",
      "Hash": "d0a62b247165aabf397fded504660d8a"
    },
    "lattice": {
      "Package": "lattice",
      "Version": "0.20-41",
      "Source": "Repository",
      "Repository": "CRAN",
      "Hash": "fbd9285028b0263d76d18c95ae51a53d"
    },
    "lava": {
      "Package": "lava",
      "Version": "1.6.7",
      "Source": "Repository",
      "Repository": "CRAN",
      "Hash": "e9a046d514942f36bf8ae2a5e3ded35f"
    },
    "lazyeval": {
      "Package": "lazyeval",
      "Version": "0.2.2",
      "Source": "Repository",
      "Repository": "CRAN",
      "Hash": "d908914ae53b04d4c0c0fd72ecc35370"
    },
    "learnr": {
      "Package": "learnr",
      "Version": "0.10.1",
      "Source": "Repository",
      "Repository": "CRAN",
      "Hash": "ee4c94c586f032847b5ff679935f2ba4"
    },
    "lhs": {
      "Package": "lhs",
      "Version": "1.0.2",
      "Source": "Repository",
      "Repository": "CRAN",
      "Hash": "6f254a471155692c2c08f875142a4257"
    },
    "lifecycle": {
      "Package": "lifecycle",
      "Version": "0.2.0",
      "Source": "Repository",
      "Repository": "CRAN",
      "Hash": "361811f31f71f8a617a9a68bf63f1f42"
    },
    "listenv": {
      "Package": "listenv",
      "Version": "0.8.0",
      "Source": "Repository",
      "Repository": "CRAN",
      "Hash": "0bde42ee282efb18c7c4e63822f5b4f7"
    },
    "lme4": {
      "Package": "lme4",
      "Version": "1.1-23",
      "Source": "Repository",
      "Repository": "CRAN",
      "Hash": "ad24d1fd9ed431543f4633bb083e194a"
    },
    "loo": {
      "Package": "loo",
      "Version": "2.3.1",
      "Source": "Repository",
      "Repository": "CRAN",
      "Hash": "31525c7bdf1254e185db6726b34a6eba"
    },
    "lubridate": {
      "Package": "lubridate",
      "Version": "1.7.9",
      "Source": "Repository",
      "Repository": "CRAN",
      "Hash": "fc1c91e2e8d9e1fc932e75aa1ed989b7"
    },
    "magick": {
      "Package": "magick",
      "Version": "2.4.0",
      "Source": "Repository",
      "Repository": "CRAN",
      "Hash": "40a9efbb0418902cf6b663a1529a975a"
    },
    "magrittr": {
      "Package": "magrittr",
      "Version": "1.5",
      "Source": "Repository",
      "Repository": "CRAN",
      "Hash": "1bb58822a20301cee84a41678e25d9b7"
    },
    "manipulateWidget": {
      "Package": "manipulateWidget",
      "Version": "0.10.1",
      "Source": "Repository",
      "Repository": "CRAN",
      "Hash": "0550157e5d6450ea442eaba5a340a9fc"
    },
    "maptools": {
      "Package": "maptools",
      "Version": "1.0-1",
      "Source": "Repository",
      "Repository": "CRAN",
      "Hash": "5117ca3798362fadc2d985899b3e891e"
    },
    "markdown": {
      "Package": "markdown",
      "Version": "1.1",
      "Source": "Repository",
      "Repository": "CRAN",
      "Hash": "61e4a10781dd00d7d81dd06ca9b94e95"
    },
    "matrixStats": {
      "Package": "matrixStats",
      "Version": "0.56.0",
      "Source": "Repository",
      "Repository": "CRAN",
      "Hash": "d16f18aeb023d7a80c090d9458fc75a6"
    },
    "mgcv": {
      "Package": "mgcv",
      "Version": "1.8-31",
      "Source": "Repository",
      "Repository": "CRAN",
      "Hash": "4bb7e0c4f3557583e1e8d3c9ffb8ba5c"
    },
    "mime": {
      "Package": "mime",
      "Version": "0.9",
      "Source": "Repository",
      "Repository": "CRAN",
      "Hash": "e87a35ec73b157552814869f45a63aa3"
    },
    "miniUI": {
      "Package": "miniUI",
      "Version": "0.1.1.1",
      "Source": "Repository",
      "Repository": "CRAN",
      "Hash": "fec5f52652d60615fdb3957b3d74324a"
    },
    "minqa": {
      "Package": "minqa",
      "Version": "1.2.4",
      "Source": "Repository",
      "Repository": "CRAN",
      "Hash": "eaee7d2a6f3ed4491df868611cb064cc"
    },
    "misc3d": {
      "Package": "misc3d",
      "Version": "0.8-4",
      "Source": "Repository",
      "Repository": "CRAN",
      "Hash": "7ac400f416f7341aea21856549e45730"
    },
    "modeldata": {
      "Package": "modeldata",
      "Version": "0.0.2",
      "Source": "Repository",
      "Repository": "CRAN",
      "Hash": "e2825d34267ad27d30d9ce71dc23bde8"
    },
    "modelr": {
      "Package": "modelr",
      "Version": "0.1.8",
      "Source": "Repository",
      "Repository": "CRAN",
      "Hash": "9fd59716311ee82cba83dc2826fc5577"
    },
    "moderndive": {
      "Package": "moderndive",
      "Version": "0.5.0",
      "Source": "Repository",
      "Repository": "CRAN",
      "Hash": "ea116a43c98061c3cfa94ecb75270aa9"
    },
    "msmbstyle": {
      "Package": "msmbstyle",
      "Version": "0.0.13",
      "Source": "GitHub",
      "RemoteType": "github",
      "RemoteHost": "api.github.com",
      "RemoteRepo": "msmbstyle",
      "RemoteUsername": "grimbough",
      "RemoteRef": "master",
      "RemoteSha": "0126e489e3b7e627ede9d0cc910d85fd6619e552",
      "Hash": "4b8509ddc1119ce53ef914b809ac40d8"
    },
    "munsell": {
      "Package": "munsell",
      "Version": "0.5.0",
      "Source": "Repository",
      "Repository": "CRAN",
      "Hash": "6dfe8bf774944bd5595785e3229d8771"
    },
    "nlme": {
      "Package": "nlme",
      "Version": "3.1-148",
      "Source": "Repository",
      "Repository": "CRAN",
      "Hash": "662f52871983ff3e3ef042c62de126df"
    },
    "nloptr": {
      "Package": "nloptr",
      "Version": "1.2.2.2",
      "Source": "Repository",
      "Repository": "CRAN",
      "Hash": "2737faeee353704efec5afa1e943dd64"
    },
    "nnet": {
      "Package": "nnet",
      "Version": "7.3-14",
      "Source": "Repository",
      "Repository": "CRAN",
      "Hash": "0d87e50e11394a7151a28873637d799a"
    },
    "numDeriv": {
      "Package": "numDeriv",
      "Version": "2016.8-1.1",
      "Source": "Repository",
      "Repository": "CRAN",
      "Hash": "df58958f293b166e4ab885ebcad90e02"
    },
    "nycflights13": {
      "Package": "nycflights13",
      "Version": "1.0.1",
      "Source": "Repository",
      "Repository": "CRAN",
      "Hash": "be6319388852d6cb3571ea89d9d1634f"
    },
    "openssl": {
      "Package": "openssl",
      "Version": "1.4.2",
      "Source": "Repository",
      "Repository": "CRAN",
      "Hash": "b3209c62052922b6c629544d94c8fa8a"
    },
    "operator.tools": {
      "Package": "operator.tools",
      "Version": "1.6.3",
      "Source": "Repository",
      "Repository": "CRAN",
      "Hash": "bd93354f4a2ee4e096e3d7ad33e08b72"
    },
    "pROC": {
      "Package": "pROC",
      "Version": "1.16.2",
      "Source": "Repository",
      "Repository": "CRAN",
      "Hash": "285ca01e793958ac6f2c264c84dbb16b"
    },
    "packrat": {
      "Package": "packrat",
      "Version": "0.5.0",
      "Source": "Repository",
      "Repository": "CRAN",
      "Hash": "2ebd34a38f4248281096cc723535b66d"
    },
    "parsnip": {
      "Package": "parsnip",
      "Version": "0.1.4",
      "Source": "Repository",
      "Repository": "CRAN",
      "Hash": "3dcb8ae85c17af1169a7c27efbe178e2"
    },
    "patchwork": {
      "Package": "patchwork",
      "Version": "1.0.1",
      "Source": "Repository",
      "Repository": "CRAN",
      "Hash": "d6b817898a400e82e6777d4f7e027100"
    },
    "pillar": {
      "Package": "pillar",
      "Version": "1.4.6",
      "Source": "Repository",
      "Repository": "CRAN",
      "Hash": "bdf26e55ccb7df3e49a490150277f002"
    },
    "pkgbuild": {
      "Package": "pkgbuild",
      "Version": "1.1.0",
      "Source": "Repository",
      "Repository": "CRAN",
      "Hash": "404684bc4e3685007f9720adf13b06c1"
    },
    "pkgconfig": {
      "Package": "pkgconfig",
      "Version": "2.0.3",
      "Source": "Repository",
      "Repository": "CRAN",
      "Hash": "01f28d4278f15c76cddbea05899c5d6f"
    },
    "pkgload": {
      "Package": "pkgload",
      "Version": "1.1.0",
      "Source": "Repository",
      "Repository": "CRAN",
      "Hash": "b6b150cd4709e0c0c9b5d51ac4376282"
    },
    "plot3D": {
      "Package": "plot3D",
      "Version": "1.3",
      "Source": "Repository",
      "Repository": "CRAN",
      "Hash": "09ceb99c0d3115e4d46b1ff88d531e69"
    },
    "plot3Drgl": {
      "Package": "plot3Drgl",
      "Version": "1.0.1",
      "Source": "Repository",
      "Repository": "CRAN",
      "Hash": "22be59789f54dc50b1fa48386c7c7a7a"
    },
    "plyr": {
      "Package": "plyr",
      "Version": "1.8.6",
      "Source": "Repository",
      "Repository": "CRAN",
      "Hash": "ec0e5ab4e5f851f6ef32cd1d1984957f"
    },
    "png": {
      "Package": "png",
      "Version": "0.1-7",
      "Source": "Repository",
      "Repository": "CRAN",
      "Hash": "03b7076c234cb3331288919983326c55"
    },
    "praise": {
      "Package": "praise",
      "Version": "1.0.0",
      "Source": "Repository",
      "Repository": "CRAN",
      "Hash": "a555924add98c99d2f411e37e7d25e9f"
    },
    "prettyunits": {
      "Package": "prettyunits",
      "Version": "1.1.1",
      "Source": "Repository",
      "Repository": "CRAN",
      "Hash": "95ef9167b75dde9d2ccc3c7528393e7e"
    },
    "processx": {
      "Package": "processx",
      "Version": "3.4.4",
      "Source": "Repository",
      "Repository": "CRAN",
      "Hash": "03446ed0b8129916f73676726cb3c48f"
    },
    "prodlim": {
      "Package": "prodlim",
      "Version": "2019.11.13",
      "Source": "Repository",
      "Repository": "CRAN",
      "Hash": "c243bf70db3a6631a0c8783152fb7db9"
    },
    "progress": {
      "Package": "progress",
      "Version": "1.2.2",
      "Source": "Repository",
      "Repository": "CRAN",
      "Hash": "14dc9f7a3c91ebb14ec5bb9208a07061"
    },
    "promises": {
      "Package": "promises",
      "Version": "1.1.1",
      "Source": "Repository",
      "Repository": "CRAN",
      "Hash": "a8730dcbdd19f9047774909f0ec214a4"
    },
    "ps": {
      "Package": "ps",
      "Version": "1.3.4",
      "Source": "Repository",
      "Repository": "CRAN",
      "Hash": "a54a7dfd68124abb2225dbfa9a85c457"
    },
    "purrr": {
      "Package": "purrr",
      "Version": "0.3.4",
      "Source": "Repository",
      "Repository": "CRAN",
      "Hash": "97def703420c8ab10d8f0e6c72101e02"
    },
    "randomNames": {
      "Package": "randomNames",
      "Version": "1.4-0.0",
      "Source": "Repository",
      "Repository": "CRAN",
      "Hash": "5587371b1f1eff2da7bacc0e419058ed"
    },
    "ranger": {
      "Package": "ranger",
      "Version": "0.12.1",
      "Source": "Repository",
      "Repository": "CRAN",
      "Hash": "561326df07a5bc5266ba17ce3b81cbf1"
    },
    "rappdirs": {
      "Package": "rappdirs",
      "Version": "0.3.1",
      "Source": "Repository",
      "Repository": "CRAN",
      "Hash": "8c8298583adbbe76f3c2220eef71bebc"
    },
    "raster": {
      "Package": "raster",
      "Version": "3.3-13",
      "Source": "Repository",
      "Repository": "CRAN",
      "Hash": "51cfecf7b9518d46b119f92d581616b6"
    },
    "rayimage": {
      "Package": "rayimage",
      "Version": "0.3.1",
      "Source": "Repository",
      "Repository": "CRAN",
      "Hash": "8afcad97896eb0183885951f4c4b31de"
    },
    "rayshader": {
      "Package": "rayshader",
      "Version": "0.19.2",
      "Source": "Repository",
      "Repository": "CRAN",
      "Hash": "0b4f332e5452d539b7376f4f05753db4"
    },
    "readr": {
      "Package": "readr",
      "Version": "1.3.1",
      "Source": "Repository",
      "Repository": "CRAN",
      "Hash": "af8ab99cd936773a148963905736907b"
    },
    "readxl": {
      "Package": "readxl",
      "Version": "1.3.1",
      "Source": "Repository",
      "Repository": "CRAN",
      "Hash": "63537c483c2dbec8d9e3183b3735254a"
    },
    "recipes": {
      "Package": "recipes",
      "Version": "0.1.14",
      "Source": "Repository",
      "Repository": "CRAN",
      "Hash": "e376c6a3419f5cf2d2703a9b037b5df1"
    },
    "rematch": {
      "Package": "rematch",
      "Version": "1.0.1",
      "Source": "Repository",
      "Repository": "CRAN",
      "Hash": "c66b930d20bb6d858cd18e1cebcfae5c"
    },
    "rematch2": {
      "Package": "rematch2",
      "Version": "2.1.2",
      "Source": "Repository",
      "Repository": "CRAN",
      "Hash": "76c9e04c712a05848ae7a23d2f170a40"
    },
    "renv": {
      "Package": "renv",
      "Version": "0.12.0",
      "Source": "Repository",
      "Repository": "CRAN",
      "Hash": "7340c71f46a0fd16506cfa804e224e44"
    },
    "repr": {
      "Package": "repr",
      "Version": "1.1.0",
      "Source": "Repository",
      "Repository": "CRAN",
      "Hash": "466aee1b69232becb73769daa894c171"
    },
    "reprex": {
      "Package": "reprex",
      "Version": "0.3.0",
      "Source": "Repository",
      "Repository": "CRAN",
      "Hash": "b06bfb3504cc8a4579fd5567646f745b"
    },
    "reshape2": {
      "Package": "reshape2",
      "Version": "1.4.4",
      "Source": "Repository",
      "Repository": "CRAN",
      "Hash": "bb5996d0bd962d214a11140d77589917"
    },
    "retrodesign": {
      "Package": "retrodesign",
      "Version": "0.1.0",
      "Source": "Repository",
      "Repository": "CRAN",
      "Hash": "1755889f4ffffbc584e1ae7c4e1a7298"
    },
    "rgdal": {
      "Package": "rgdal",
      "Version": "1.5-16",
      "Source": "Repository",
      "Repository": "CRAN",
      "Hash": "3f840ce3afbcb78ad2a728558dba2078"
    },
    "rgl": {
      "Package": "rgl",
      "Version": "0.100.54",
      "Source": "Repository",
      "Repository": "CRAN",
      "Hash": "8e1e188fa2523b22447ee979a4794519"
    },
    "rlang": {
      "Package": "rlang",
      "Version": "0.4.7",
      "Source": "Repository",
      "Repository": "CRAN",
      "Hash": "c06d2a6887f4b414f8e927afd9ee976a"
    },
    "rmarkdown": {
      "Package": "rmarkdown",
      "Version": "2.5",
      "Source": "Repository",
      "Repository": "CRAN",
      "Hash": "20a0a94af9e8f7040510447763aab3e9"
    },
    "rpart": {
      "Package": "rpart",
      "Version": "4.1-15",
      "Source": "Repository",
      "Repository": "CRAN",
      "Hash": "9787c1fcb680e655d062e7611cadf78e"
    },
    "rprojroot": {
      "Package": "rprojroot",
      "Version": "1.3-2",
      "Source": "Repository",
      "Repository": "CRAN",
      "Hash": "f6a407ae5dd21f6f80a6708bbb6eb3ae"
    },
    "rsample": {
      "Package": "rsample",
      "Version": "0.0.7",
      "Source": "Repository",
      "Repository": "CRAN",
      "Hash": "94abd030ce82d3f7f49139c3d3b457da"
    },
    "rsconnect": {
      "Package": "rsconnect",
      "Version": "0.8.16",
      "Source": "Repository",
      "Repository": "CRAN",
      "Hash": "3924a1c20ce2479e89a08b0ca4c936c6"
    },
    "rstan": {
      "Package": "rstan",
      "Version": "2.21.2",
      "Source": "Repository",
      "Repository": "CRAN",
      "Hash": "52772d81aa532a6331fd535701882c12"
    },
    "rstanarm": {
      "Package": "rstanarm",
      "Version": "2.21.1",
      "Source": "Repository",
      "Repository": "CRAN",
      "Hash": "4d06068607c7df5c5621f0e4c30a0d7e"
    },
    "rstantools": {
      "Package": "rstantools",
      "Version": "2.1.1",
      "Source": "Repository",
      "Repository": "CRAN",
      "Hash": "c91e0f20c967e246cb6f2efe8c60e15b"
    },
    "rstudioapi": {
      "Package": "rstudioapi",
      "Version": "0.11",
      "Source": "Repository",
      "Repository": "CRAN",
      "Hash": "33a5b27a03da82ac4b1d43268f80088a"
    },
    "rvest": {
      "Package": "rvest",
      "Version": "0.3.6",
      "Source": "Repository",
      "Repository": "CRAN",
      "Hash": "a9795ccb2d608330e841998b67156764"
    },
    "sass": {
      "Package": "sass",
      "Version": "0.2.0",
      "Source": "Repository",
      "Repository": "CRAN",
      "Hash": "441417bbd40d5bbd07561cc40fb182ed"
    },
    "scales": {
      "Package": "scales",
      "Version": "1.1.1",
      "Source": "Repository",
      "Repository": "CRAN",
      "Hash": "6f76f71042411426ec8df6c54f34e6dd"
    },
    "selectr": {
      "Package": "selectr",
      "Version": "0.4-2",
      "Source": "Repository",
      "Repository": "CRAN",
      "Hash": "3838071b66e0c566d55cc26bd6e27bf4"
    },
    "servr": {
      "Package": "servr",
      "Version": "0.18",
      "Source": "Repository",
      "Repository": "CRAN",
      "Hash": "50d06ac0ec97386d9fd470d36f45bfe5"
    },
    "sf": {
      "Package": "sf",
      "Version": "0.9-5",
      "Source": "Repository",
      "Repository": "CRAN",
      "Hash": "5b23b3b72c0d9962a59c57b110076f9a"
    },
    "shiny": {
      "Package": "shiny",
      "Version": "1.5.0",
      "Source": "Repository",
      "Repository": "CRAN",
      "Hash": "ee4ed72d7a5047d9e73cf922ad66e9c9"
    },
    "shinyjs": {
      "Package": "shinyjs",
      "Version": "1.1",
      "Source": "Repository",
      "Repository": "CRAN",
      "Hash": "b40a5207b6624f6e2b8cdb50689cdb69"
    },
    "shinystan": {
      "Package": "shinystan",
      "Version": "2.5.0",
      "Source": "Repository",
      "Repository": "CRAN",
      "Hash": "85e1a9e77cdd1b8740e92b37f8fdce7b"
    },
    "shinythemes": {
      "Package": "shinythemes",
      "Version": "1.1.2",
      "Source": "Repository",
      "Repository": "CRAN",
      "Hash": "8f047210d7d68ea4860a3c0d8cced272"
    },
    "skimr": {
      "Package": "skimr",
      "Version": "2.1.2",
      "Source": "Repository",
      "Repository": "CRAN",
      "Hash": "1771d7c2061c3608c9d149cd36024eb5"
    },
    "snakecase": {
      "Package": "snakecase",
      "Version": "0.11.0",
      "Source": "Repository",
      "Repository": "CRAN",
      "Hash": "4079070fc210c7901c0832a3aeab894f"
    },
    "sourcetools": {
      "Package": "sourcetools",
      "Version": "0.1.7",
      "Source": "Repository",
      "Repository": "CRAN",
      "Hash": "947e4e02a79effa5d512473e10f41797"
    },
    "sp": {
      "Package": "sp",
      "Version": "1.4-2",
      "Source": "Repository",
      "Repository": "CRAN",
      "Hash": "3290eebc34ba4df5e213878d54c1e623"
    },
    "statmod": {
      "Package": "statmod",
      "Version": "1.4.34",
      "Source": "Repository",
      "Repository": "CRAN",
      "Hash": "5b229273695937933bc21ef235e84962"
    },
    "stringi": {
      "Package": "stringi",
      "Version": "1.4.6",
      "Source": "Repository",
      "Repository": "CRAN",
      "Hash": "e99d8d656980d2dd416a962ae55aec90"
    },
    "stringr": {
      "Package": "stringr",
      "Version": "1.4.0",
      "Source": "Repository",
      "Repository": "CRAN",
      "Hash": "0759e6b6c0957edb1311028a49a35e76"
    },
    "survival": {
      "Package": "survival",
      "Version": "3.2-3",
      "Source": "Repository",
      "Repository": "CRAN",
      "Hash": "3cc6154c577a82f06250254db30a4bfb"
    },
    "sys": {
      "Package": "sys",
      "Version": "3.4",
      "Source": "Repository",
      "Repository": "CRAN",
      "Hash": "b227d13e29222b4574486cfcbde077fa"
    },
    "terrainmeshr": {
      "Package": "terrainmeshr",
      "Version": "0.1.0",
      "Source": "Repository",
      "Repository": "CRAN",
      "Hash": "f0dc9be31d757b475dbbdaf320703685"
    },
    "testthat": {
      "Package": "testthat",
      "Version": "2.3.2",
      "Source": "Repository",
      "Repository": "CRAN",
      "Hash": "0829b987b8961fb07f3b1b64a2fbc495"
    },
    "threejs": {
      "Package": "threejs",
      "Version": "0.3.3",
      "Source": "Repository",
      "Repository": "CRAN",
      "Hash": "2ad32c3a8745e827977f394bc387e3b0"
    },
    "tibble": {
      "Package": "tibble",
      "Version": "3.0.3",
      "Source": "Repository",
      "Repository": "CRAN",
      "Hash": "08bd36bd34b20d4f7971d49e81deaab0"
    },
    "tidycensus": {
      "Package": "tidycensus",
      "Version": "0.9.9.5",
      "Source": "Repository",
      "Repository": "CRAN",
      "Hash": "27a27c5f0d2f258872bdb7e4c11046a7"
    },
    "tidymodels": {
      "Package": "tidymodels",
      "Version": "0.1.1",
      "Source": "Repository",
      "Repository": "CRAN",
      "Hash": "d74e1c2bb4bd413c506341be211cff0d"
    },
    "tidyr": {
      "Package": "tidyr",
      "Version": "1.1.2",
      "Source": "Repository",
      "Repository": "CRAN",
      "Hash": "c40b2d5824d829190f4b825f4496dfae"
    },
    "tidyselect": {
      "Package": "tidyselect",
      "Version": "1.1.0",
      "Source": "Repository",
      "Repository": "CRAN",
      "Hash": "6ea435c354e8448819627cf686f66e0a"
    },
    "tidyverse": {
      "Package": "tidyverse",
      "Version": "1.3.0",
      "Source": "Repository",
      "Repository": "CRAN",
      "Hash": "bd51be662f359fa99021f3d51e911490"
    },
    "tigris": {
      "Package": "tigris",
      "Version": "1.0",
      "Source": "Repository",
      "Repository": "CRAN",
      "Hash": "aee2de0b104694cd563e52f2f23b8ea8"
    },
    "timeDate": {
      "Package": "timeDate",
      "Version": "3043.102",
      "Source": "Repository",
      "Repository": "CRAN",
      "Hash": "fde4fc571f5f61978652c229d4713845"
    },
    "tinytex": {
      "Package": "tinytex",
      "Version": "0.25",
      "Source": "Repository",
      "Repository": "CRAN",
      "Hash": "a4b9662282097d1033c60420dcb83350"
    },
    "toOrdinal": {
      "Package": "toOrdinal",
      "Version": "1.1-0.0",
      "Source": "Repository",
      "Repository": "CRAN",
      "Hash": "986b3f99e96a096469dcd4e04af8d794"
    },
    "tufte": {
      "Package": "tufte",
      "Version": "0.6",
      "Source": "Repository",
      "Repository": "CRAN",
      "Hash": "66c7be8a6759a37bb319e2586411bd96"
    },
    "tune": {
      "Package": "tune",
      "Version": "0.1.1",
      "Source": "Repository",
      "Repository": "CRAN",
      "Hash": "aee6ea4a954eeba5a2327abd2adc0034"
    },
    "tweenr": {
      "Package": "tweenr",
      "Version": "1.0.1",
      "Source": "Repository",
      "Repository": "CRAN",
      "Hash": "fc77eb5297507cccfa3349a606061030"
    },
    "units": {
      "Package": "units",
      "Version": "0.6-7",
      "Source": "Repository",
      "Repository": "CRAN",
      "Hash": "4a3df844d6d35ca2ba2b7ba95446b955"
    },
    "usethis": {
      "Package": "usethis",
      "Version": "1.6.1",
      "Source": "Repository",
      "Repository": "CRAN",
      "Hash": "e1985f5a9985fea2e338fa7eb99018ca"
    },
    "utf8": {
      "Package": "utf8",
      "Version": "1.1.4",
      "Source": "Repository",
      "Repository": "CRAN",
      "Hash": "4a5081acfb7b81a572e4384a7aaf2af1"
    },
    "uuid": {
      "Package": "uuid",
      "Version": "0.1-4",
      "Source": "Repository",
      "Repository": "CRAN",
      "Hash": "e4169eb989a5d03ccb6b628cad1b1b50"
    },
    "vctrs": {
      "Package": "vctrs",
      "Version": "0.3.4",
      "Source": "Repository",
      "Repository": "CRAN",
      "Hash": "0bc90078aeee42f2520b1d0a33bd6758"
    },
    "viridis": {
      "Package": "viridis",
      "Version": "0.5.1",
      "Source": "Repository",
      "Repository": "CRAN",
      "Hash": "6f6b49e5b3b5ee5a6d0c28bf1b4b9eb3"
    },
    "viridisLite": {
      "Package": "viridisLite",
      "Version": "0.3.0",
      "Source": "Repository",
      "Repository": "CRAN",
      "Hash": "ce4f6271baa94776db692f1cb2055bee"
    },
    "webshot": {
      "Package": "webshot",
      "Version": "0.5.2",
      "Source": "Repository",
      "Repository": "CRAN",
      "Hash": "e99d80ad34457a4853674e89d5e806de"
    },
    "whisker": {
      "Package": "whisker",
      "Version": "0.4",
      "Source": "Repository",
      "Repository": "CRAN",
      "Hash": "ca970b96d894e90397ed20637a0c1bbe"
    },
    "withr": {
      "Package": "withr",
      "Version": "2.2.0",
      "Source": "Repository",
      "Repository": "CRAN",
      "Hash": "ecd17882a0b4419545691e095b74ee89"
    },
    "workflows": {
      "Package": "workflows",
      "Version": "0.1.2",
      "Source": "Repository",
      "Repository": "CRAN",
      "Hash": "e5ea76a340843e8c6b77d953401b91e4"
    },
    "xaringan": {
      "Package": "xaringan",
      "Version": "0.16",
      "Source": "Repository",
      "Repository": "CRAN",
      "Hash": "7168ed8f41f3597c6c570477c0d0bf15"
    },
    "xfun": {
      "Package": "xfun",
      "Version": "0.17",
      "Source": "Repository",
      "Repository": "CRAN",
      "Hash": "5016afba2a931ac92bbb3c6feb03d2c8"
    },
    "xml2": {
      "Package": "xml2",
      "Version": "1.3.2",
      "Source": "Repository",
      "Repository": "CRAN",
      "Hash": "d4d71a75dd3ea9eb5fa28cc21f9585e2"
    },
    "xtable": {
      "Package": "xtable",
      "Version": "1.8-4",
      "Source": "Repository",
      "Repository": "CRAN",
      "Hash": "b8acdf8af494d9ec19ccb2481a9b11c2"
    },
    "xts": {
      "Package": "xts",
      "Version": "0.12-0",
      "Source": "Repository",
      "Repository": "CRAN",
      "Hash": "cae1f4b14c523f62b61276fb3962d4fb"
    },
    "yaml": {
      "Package": "yaml",
      "Version": "2.2.1",
      "Source": "Repository",
      "Repository": "CRAN",
      "Hash": "2826c5d9efb0a88f657c7a679c7106db"
    },
    "yardstick": {
      "Package": "yardstick",
      "Version": "0.0.7",
      "Source": "Repository",
      "Repository": "CRAN",
      "Hash": "e16ed675886deba4b47441672cedfd54"
    },
    "zoo": {
      "Package": "zoo",
      "Version": "1.8-8",
      "Source": "Repository",
      "Repository": "CRAN",
      "Hash": "c2ea03282caa1f6972dc84fc5bf671cc"
    }
  }
}
